Microsoft Visual Studio Solution File, Format Version 12.00
# Visual Studio 16
Project("{2150E333-8FDC-42A3-9474-1A3956D46DE8}") = "CMakePredefinedTargets", "CMakePredefinedTargets", "{A3AAFF81-3922-398F-84D4-12E156CB3FD7}"
EndProject
Project("{2150E333-8FDC-42A3-9474-1A3956D46DE8}") = "GLFW3", "GLFW3", "{57F838EA-2240-3621-A274-22E011AACFEE}"
EndProject
Project("{8BC9CEB8-8B4A-11D0-8D11-00A0C91BC942}") = "ALL_BUILD", "ALL_BUILD.vcxproj", "{D3CD7413-7CFF-3567-85CC-A5EDB627CB57}"
	ProjectSection(ProjectDependencies) = postProject
		{79C978E5-5E00-33B5-8A38-E2B300CD299F} = {79C978E5-5E00-33B5-8A38-E2B300CD299F}
		{DDDFD709-2039-3D9C-B6AD-A1F3F9444253} = {DDDFD709-2039-3D9C-B6AD-A1F3F9444253}
		{74E9CAF3-C77F-3778-A4D6-721088E0A7D1} = {74E9CAF3-C77F-3778-A4D6-721088E0A7D1}
	EndProjectSection
EndProject
Project("{8BC9CEB8-8B4A-11D0-8D11-00A0C91BC942}") = "INSTALL", "INSTALL.vcxproj", "{318857B9-4618-32BB-942F-0ED9320EEFE0}"
	ProjectSection(ProjectDependencies) = postProject
		{D3CD7413-7CFF-3567-85CC-A5EDB627CB57} = {D3CD7413-7CFF-3567-85CC-A5EDB627CB57}
		{DDDFD709-2039-3D9C-B6AD-A1F3F9444253} = {DDDFD709-2039-3D9C-B6AD-A1F3F9444253}
	EndProjectSection
EndProject
Project("{8BC9CEB8-8B4A-11D0-8D11-00A0C91BC942}") = "OpenGLPrj", "OpenGLPrj.vcxproj", "{79C978E5-5E00-33B5-8A38-E2B300CD299F}"
	ProjectSection(ProjectDependencies) = postProject
		{DDDFD709-2039-3D9C-B6AD-A1F3F9444253} = {DDDFD709-2039-3D9C-B6AD-A1F3F9444253}
		{74E9CAF3-C77F-3778-A4D6-721088E0A7D1} = {74E9CAF3-C77F-3778-A4D6-721088E0A7D1}
	EndProjectSection
EndProject
Project("{8BC9CEB8-8B4A-11D0-8D11-00A0C91BC942}") = "ZERO_CHECK", "ZERO_CHECK.vcxproj", "{DDDFD709-2039-3D9C-B6AD-A1F3F9444253}"
	ProjectSection(ProjectDependencies) = postProject
	EndProjectSection
EndProject
Project("{8BC9CEB8-8B4A-11D0-8D11-00A0C91BC942}") = "glfw", "vendor\glfw\src\glfw.vcxproj", "{74E9CAF3-C77F-3778-A4D6-721088E0A7D1}"
	ProjectSection(ProjectDependencies) = postProject
		{DDDFD709-2039-3D9C-B6AD-A1F3F9444253} = {DDDFD709-2039-3D9C-B6AD-A1F3F9444253}
	EndProjectSection
EndProject
Project("{8BC9CEB8-8B4A-11D0-8D11-00A0C91BC942}") = "uninstall", "vendor\glfw\uninstall.vcxproj", "{7EA6B040-0F3A-36AA-AAF3-08E9FD4956BA}"
	ProjectSection(ProjectDependencies) = postProject
		{DDDFD709-2039-3D9C-B6AD-A1F3F9444253} = {DDDFD709-2039-3D9C-B6AD-A1F3F9444253}
	EndProjectSection
EndProject
Global
	GlobalSection(SolutionConfigurationPlatforms) = preSolution
		Debug|x64 = Debug|x64
		Release|x64 = Release|x64
		MinSizeRel|x64 = MinSizeRel|x64
		RelWithDebInfo|x64 = RelWithDebInfo|x64
	EndGlobalSection
	GlobalSection(ProjectConfigurationPlatforms) = postSolution
		{D3CD7413-7CFF-3567-85CC-A5EDB627CB57}.Debug|x64.ActiveCfg = Debug|x64
		{D3CD7413-7CFF-3567-85CC-A5EDB627CB57}.Debug|x64.Build.0 = Debug|x64
		{D3CD7413-7CFF-3567-85CC-A5EDB627CB57}.Release|x64.ActiveCfg = Release|x64
		{D3CD7413-7CFF-3567-85CC-A5EDB627CB57}.Release|x64.Build.0 = Release|x64
		{D3CD7413-7CFF-3567-85CC-A5EDB627CB57}.MinSizeRel|x64.ActiveCfg = MinSizeRel|x64
		{D3CD7413-7CFF-3567-85CC-A5EDB627CB57}.MinSizeRel|x64.Build.0 = MinSizeRel|x64
		{D3CD7413-7CFF-3567-85CC-A5EDB627CB57}.RelWithDebInfo|x64.ActiveCfg = RelWithDebInfo|x64
		{D3CD7413-7CFF-3567-85CC-A5EDB627CB57}.RelWithDebInfo|x64.Build.0 = RelWithDebInfo|x64
		{318857B9-4618-32BB-942F-0ED9320EEFE0}.Debug|x64.ActiveCfg = Debug|x64
		{318857B9-4618-32BB-942F-0ED9320EEFE0}.Release|x64.ActiveCfg = Release|x64
		{318857B9-4618-32BB-942F-0ED9320EEFE0}.MinSizeRel|x64.ActiveCfg = MinSizeRel|x64
		{318857B9-4618-32BB-942F-0ED9320EEFE0}.RelWithDebInfo|x64.ActiveCfg = RelWithDebInfo|x64
		{79C978E5-5E00-33B5-8A38-E2B300CD299F}.Debug|x64.ActiveCfg = Debug|x64
		{79C978E5-5E00-33B5-8A38-E2B300CD299F}.Debug|x64.Build.0 = Debug|x64
		{79C978E5-5E00-33B5-8A38-E2B300CD299F}.Release|x64.ActiveCfg = Release|x64
		{79C978E5-5E00-33B5-8A38-E2B300CD299F}.Release|x64.Build.0 = Release|x64
		{79C978E5-5E00-33B5-8A38-E2B300CD299F}.MinSizeRel|x64.ActiveCfg = MinSizeRel|x64
		{79C978E5-5E00-33B5-8A38-E2B300CD299F}.MinSizeRel|x64.Build.0 = MinSizeRel|x64
		{79C978E5-5E00-33B5-8A38-E2B300CD299F}.RelWithDebInfo|x64.ActiveCfg = RelWithDebInfo|x64
		{79C978E5-5E00-33B5-8A38-E2B300CD299F}.RelWithDebInfo|x64.Build.0 = RelWithDebInfo|x64
		{DDDFD709-2039-3D9C-B6AD-A1F3F9444253}.Debug|x64.ActiveCfg = Debug|x64
		{DDDFD709-2039-3D9C-B6AD-A1F3F9444253}.Debug|x64.Build.0 = Debug|x64
		{DDDFD709-2039-3D9C-B6AD-A1F3F9444253}.Release|x64.ActiveCfg = Release|x64
		{DDDFD709-2039-3D9C-B6AD-A1F3F9444253}.Release|x64.Build.0 = Release|x64
		{DDDFD709-2039-3D9C-B6AD-A1F3F9444253}.MinSizeRel|x64.ActiveCfg = MinSizeRel|x64
		{DDDFD709-2039-3D9C-B6AD-A1F3F9444253}.MinSizeRel|x64.Build.0 = MinSizeRel|x64
		{DDDFD709-2039-3D9C-B6AD-A1F3F9444253}.RelWithDebInfo|x64.ActiveCfg = RelWithDebInfo|x64
		{DDDFD709-2039-3D9C-B6AD-A1F3F9444253}.RelWithDebInfo|x64.Build.0 = RelWithDebInfo|x64
		{74E9CAF3-C77F-3778-A4D6-721088E0A7D1}.Debug|x64.ActiveCfg = Debug|x64
		{74E9CAF3-C77F-3778-A4D6-721088E0A7D1}.Debug|x64.Build.0 = Debug|x64
		{74E9CAF3-C77F-3778-A4D6-721088E0A7D1}.Release|x64.ActiveCfg = Release|x64
		{74E9CAF3-C77F-3778-A4D6-721088E0A7D1}.Release|x64.Build.0 = Release|x64
		{74E9CAF3-C77F-3778-A4D6-721088E0A7D1}.MinSizeRel|x64.ActiveCfg = MinSizeRel|x64
		{74E9CAF3-C77F-3778-A4D6-721088E0A7D1}.MinSizeRel|x64.Build.0 = MinSizeRel|x64
		{74E9CAF3-C77F-3778-A4D6-721088E0A7D1}.RelWithDebInfo|x64.ActiveCfg = RelWithDebInfo|x64
		{74E9CAF3-C77F-3778-A4D6-721088E0A7D1}.RelWithDebInfo|x64.Build.0 = RelWithDebInfo|x64
		{7EA6B040-0F3A-36AA-AAF3-08E9FD4956BA}.Debug|x64.ActiveCfg = Debug|x64
		{7EA6B040-0F3A-36AA-AAF3-08E9FD4956BA}.Release|x64.ActiveCfg = Release|x64
		{7EA6B040-0F3A-36AA-AAF3-08E9FD4956BA}.MinSizeRel|x64.ActiveCfg = MinSizeRel|x64
		{7EA6B040-0F3A-36AA-AAF3-08E9FD4956BA}.RelWithDebInfo|x64.ActiveCfg = RelWithDebInfo|x64
	EndGlobalSection
	GlobalSection(NestedProjects) = preSolution
		{D3CD7413-7CFF-3567-85CC-A5EDB627CB57} = {A3AAFF81-3922-398F-84D4-12E156CB3FD7}
		{318857B9-4618-32BB-942F-0ED9320EEFE0} = {A3AAFF81-3922-398F-84D4-12E156CB3FD7}
		{DDDFD709-2039-3D9C-B6AD-A1F3F9444253} = {A3AAFF81-3922-398F-84D4-12E156CB3FD7}
		{74E9CAF3-C77F-3778-A4D6-721088E0A7D1} = {57F838EA-2240-3621-A274-22E011AACFEE}
		{7EA6B040-0F3A-36AA-AAF3-08E9FD4956BA} = {57F838EA-2240-3621-A274-22E011AACFEE}
	EndGlobalSection
	GlobalSection(ExtensibilityGlobals) = postSolution
		SolutionGuid = {589C7B50-C1A5-3B1C-BB4D-099E2891E4C7}
	EndGlobalSection
	GlobalSection(ExtensibilityAddIns) = postSolution
	EndGlobalSection
EndGlobal
