<?xml version="1.0" encoding="utf-8"?>
<Project ToolsVersion="16.0" xmlns="http://schemas.microsoft.com/developer/msbuild/2003">
  <ItemGroup>
    <CustomBuild Include="C:\Users\trajk\Desktop\glitter\OpenGLPrj\CMakeFiles\acfb36ac77d48d33be8cb08ec65e650d\generate.stamp.rule">
      <Filter>CMake Rules</Filter>
    </CustomBuild>
  </ItemGroup>
  <ItemGroup>
    <Filter Include="CMake Rules">
      <UniqueIdentifier>{B216796E-1534-3A00-9F5E-028930C5ECF5}</UniqueIdentifier>
    </Filter>
  </ItemGroup>
</Project>
